
Microsoft Visual Studio Solution File, Format Version 12.00
# Visual Studio Version 17
VisualStudioVersion = 17.7.34031.279
MinimumVisualStudioVersion = 10.0.40219.1
Project("{8BC9CEB8-8B4A-11D0-8D11-00A0C91BC942}") = "Programming_Technologies_6_Lab", "Programming_Technologies_6_Lab\Programming_Technologies_6_Lab.vcxproj", "{392663BE-C568-4221-BBE2-984B4F03456B}"
EndProject
Global
	GlobalSection(SolutionConfigurationPlatforms) = preSolution
		Debug|x64 = Debug|x64
		Debug|x86 = Debug|x86
		Release|x64 = Release|x64
		Release|x86 = Release|x86
	EndGlobalSection
	GlobalSection(ProjectConfigurationPlatforms) = postSolution
		{392663BE-C568-4221-BBE2-984B4F03456B}.Debug|x64.ActiveCfg = Debug|x64
		{392663BE-C568-4221-BBE2-984B4F03456B}.Debug|x64.Build.0 = Debug|x64
		{392663BE-C568-4221-BBE2-984B4F03456B}.Debug|x86.ActiveCfg = Debug|Win32
		{392663BE-C568-4221-BBE2-984B4F03456B}.Debug|x86.Build.0 = Debug|Win32
		{392663BE-C568-4221-BBE2-984B4F03456B}.Release|x64.ActiveCfg = Release|x64
		{392663BE-C568-4221-BBE2-984B4F03456B}.Release|x64.Build.0 = Release|x64
		{392663BE-C568-4221-BBE2-984B4F03456B}.Release|x86.ActiveCfg = Release|Win32
		{392663BE-C568-4221-BBE2-984B4F03456B}.Release|x86.Build.0 = Release|Win32
	EndGlobalSection
	GlobalSection(SolutionProperties) = preSolution
		HideSolutionNode = FALSE
	EndGlobalSection
	GlobalSection(ExtensibilityGlobals) = postSolution
		SolutionGuid = {12C26027-0B9B-46CA-9EA7-0D5B47C85751}
	EndGlobalSection
EndGlobal
